
Microsoft Visual Studio Solution File, Format Version 12.00
# Visual Studio Version 17
VisualStudioVersion = 17.9.34701.34
MinimumVisualStudioVersion = 10.0.40219.1
Project("{FAE04EC0-301F-11D3-BF4B-00C04F79EFBC}") = "SurfaceApiManagementServiceSample", "SurfaceApiManagementServiceSample.csproj", "{2467D912-2220-4FBB-960B-754CEF3E3947}"
EndProject
Global
	GlobalSection(SolutionConfigurationPlatforms) = preSolution
		Debug|Any CPU = Debug|Any CPU
		Release|Any CPU = Release|Any CPU
	EndGlobalSection
	GlobalSection(ProjectConfigurationPlatforms) = postSolution
		{2467D912-2220-4FBB-960B-754CEF3E3947}.Debug|Any CPU.ActiveCfg = Debug|Any CPU
		{2467D912-2220-4FBB-960B-754CEF3E3947}.Debug|Any CPU.Build.0 = Debug|Any CPU
		{2467D912-2220-4FBB-960B-754CEF3E3947}.Release|Any CPU.ActiveCfg = Release|Any CPU
		{2467D912-2220-4FBB-960B-754CEF3E3947}.Release|Any CPU.Build.0 = Release|Any CPU
	EndGlobalSection
	GlobalSection(SolutionProperties) = preSolution
		HideSolutionNode = FALSE
	EndGlobalSection
	GlobalSection(ExtensibilityGlobals) = postSolution
		SolutionGuid = {A7D193A1-5710-4AE5-A80E-AB196D6B998E}
	EndGlobalSection
EndGlobal
